// !$*UTF8*$!
{
	archiveVersion = 1;
	classes = {
	};
	objectVersion = 56;
	objects = {

/* Begin PBXBuildFile section */
		A82F0F5C2A4A560000F8F951 /* esteeLauderProjectApp.swift in Sources */ = {isa = PBXBuildFile; fileRef = A82F0F5B2A4A560000F8F951 /* esteeLauderProjectApp.swift */; };
		A82F0F5E2A4A560000F8F951 /* ContentView.swift in Sources */ = {isa = PBXBuildFile; fileRef = A82F0F5D2A4A560000F8F951 /* ContentView.swift */; };
		A82F0F602A4A560100F8F951 /* Assets.xcassets in Resources */ = {isa = PBXBuildFile; fileRef = A82F0F5F2A4A560100F8F951 /* Assets.xcassets */; };
		A82F0F632A4A560100F8F951 /* Preview Assets.xcassets in Resources */ = {isa = PBXBuildFile; fileRef = A82F0F622A4A560100F8F951 /* Preview Assets.xcassets */; };
		A82F0F6D2A4A560200F8F951 /* esteeLauderProjectTests.swift in Sources */ = {isa = PBXBuildFile; fileRef = A82F0F6C2A4A560200F8F951 /* esteeLauderProjectTests.swift */; };
		A82F0F772A4A560200F8F951 /* esteeLauderProjectUITests.swift in Sources */ = {isa = PBXBuildFile; fileRef = A82F0F762A4A560200F8F951 /* esteeLauderProjectUITests.swift */; };
		A82F0F792A4A560200F8F951 /* esteeLauderProjectUITestsLaunchTests.swift in Sources */ = {isa = PBXBuildFile; fileRef = A82F0F782A4A560200F8F951 /* esteeLauderProjectUITestsLaunchTests.swift */; };
		A8B685A42A4D20F500410505 /* mainMenu.swift in Sources */ = {isa = PBXBuildFile; fileRef = A8B685A32A4D20F500410505 /* mainMenu.swift */; };
		A8B685A62A4D31F100410505 /* lotions.swift in Sources */ = {isa = PBXBuildFile; fileRef = A8B685A52A4D31F100410505 /* lotions.swift */; };
		A8BDCF132A55D46700AD610B /* ourMissionPage.swift in Sources */ = {isa = PBXBuildFile; fileRef = A8BDCF122A55D46700AD610B /* ourMissionPage.swift */; };
		A8BDCF152A55D48400AD610B /* cleansersPage.swift in Sources */ = {isa = PBXBuildFile; fileRef = A8BDCF142A55D48400AD610B /* cleansersPage.swift */; };
		A8BDCF172A55D4A800AD610B /* creamsPage.swift in Sources */ = {isa = PBXBuildFile; fileRef = A8BDCF162A55D4A800AD610B /* creamsPage.swift */; };
/* End PBXBuildFile section */

/* Begin PBXContainerItemProxy section */
		A82F0F692A4A560200F8F951 /* PBXContainerItemProxy */ = {
			isa = PBXContainerItemProxy;
			containerPortal = A82F0F502A4A560000F8F951 /* Project object */;
			proxyType = 1;
			remoteGlobalIDString = A82F0F572A4A560000F8F951;
			remoteInfo = esteeLauderProject;
		};
		A82F0F732A4A560200F8F951 /* PBXContainerItemProxy */ = {
			isa = PBXContainerItemProxy;
			containerPortal = A82F0F502A4A560000F8F951 /* Project object */;
			proxyType = 1;
			remoteGlobalIDString = A82F0F572A4A560000F8F951;
			remoteInfo = esteeLauderProject;
		};
/* End PBXContainerItemProxy section */

/* Begin PBXFileReference section */
		A82F0F582A4A560000F8F951 /* esteeLauderProject.app */ = {isa = PBXFileReference; explicitFileType = wrapper.application; includeInIndex = 0; path = esteeLauderProject.app; sourceTree = BUILT_PRODUCTS_DIR; };
		A82F0F5B2A4A560000F8F951 /* esteeLauderProjectApp.swift */ = {isa = PBXFileReference; lastKnownFileType = sourcecode.swift; path = esteeLauderProjectApp.swift; sourceTree = "<group>"; };
		A82F0F5D2A4A560000F8F951 /* ContentView.swift */ = {isa = PBXFileReference; lastKnownFileType = sourcecode.swift; path = ContentView.swift; sourceTree = "<group>"; };
		A82F0F5F2A4A560100F8F951 /* Assets.xcassets */ = {isa = PBXFileReference; lastKnownFileType = folder.assetcatalog; path = Assets.xcassets; sourceTree = "<group>"; };
		A82F0F622A4A560100F8F951 /* Preview Assets.xcassets */ = {isa = PBXFileReference; lastKnownFileType = folder.assetcatalog; path = "Preview Assets.xcassets"; sourceTree = "<group>"; };
		A82F0F682A4A560200F8F951 /* esteeLauderProjectTests.xctest */ = {isa = PBXFileReference; explicitFileType = wrapper.cfbundle; includeInIndex = 0; path = esteeLauderProjectTests.xctest; sourceTree = BUILT_PRODUCTS_DIR; };
		A82F0F6C2A4A560200F8F951 /* esteeLauderProjectTests.swift */ = {isa = PBXFileReference; lastKnownFileType = sourcecode.swift; path = esteeLauderProjectTests.swift; sourceTree = "<group>"; };
		A82F0F722A4A560200F8F951 /* esteeLauderProjectUITests.xctest */ = {isa = PBXFileReference; explicitFileType = wrapper.cfbundle; includeInIndex = 0; path = esteeLauderProjectUITests.xctest; sourceTree = BUILT_PRODUCTS_DIR; };
		A82F0F762A4A560200F8F951 /* esteeLauderProjectUITests.swift */ = {isa = PBXFileReference; lastKnownFileType = sourcecode.swift; path = esteeLauderProjectUITests.swift; sourceTree = "<group>"; };
		A82F0F782A4A560200F8F951 /* esteeLauderProjectUITestsLaunchTests.swift */ = {isa = PBXFileReference; lastKnownFileType = sourcecode.swift; path = esteeLauderProjectUITestsLaunchTests.swift; sourceTree = "<group>"; };
		A8B685A32A4D20F500410505 /* mainMenu.swift */ = {isa = PBXFileReference; lastKnownFileType = sourcecode.swift; path = mainMenu.swift; sourceTree = "<group>"; };
		A8B685A52A4D31F100410505 /* lotions.swift */ = {isa = PBXFileReference; lastKnownFileType = sourcecode.swift; path = lotions.swift; sourceTree = "<group>"; };
		A8BDCF122A55D46700AD610B /* ourMissionPage.swift */ = {isa = PBXFileReference; lastKnownFileType = sourcecode.swift; path = ourMissionPage.swift; sourceTree = "<group>"; };
		A8BDCF142A55D48400AD610B /* cleansersPage.swift */ = {isa = PBXFileReference; lastKnownFileType = sourcecode.swift; path = cleansersPage.swift; sourceTree = "<group>"; };
		A8BDCF162A55D4A800AD610B /* creamsPage.swift */ = {isa = PBXFileReference; lastKnownFileType = sourcecode.swift; path = creamsPage.swift; sourceTree = "<group>"; };
/* End PBXFileReference section */

/* Begin PBXFrameworksBuildPhase section */
		A82F0F552A4A560000F8F951 /* Frameworks */ = {
			isa = PBXFrameworksBuildPhase;
			buildActionMask = 2147483647;
			files = (
			);
			runOnlyForDeploymentPostprocessing = 0;
		};
		A82F0F652A4A560200F8F951 /* Frameworks */ = {
			isa = PBXFrameworksBuildPhase;
			buildActionMask = 2147483647;
			files = (
			);
			runOnlyForDeploymentPostprocessing = 0;
		};
		A82F0F6F2A4A560200F8F951 /* Frameworks */ = {
			isa = PBXFrameworksBuildPhase;
			buildActionMask = 2147483647;
			files = (
			);
			runOnlyForDeploymentPostprocessing = 0;
		};
/* End PBXFrameworksBuildPhase section */

/* Begin PBXGroup section */
		A82F0F4F2A4A560000F8F951 = {
			isa = PBXGroup;
			children = (
				A82F0F5A2A4A560000F8F951 /* esteeLauderProject */,
				A82F0F6B2A4A560200F8F951 /* esteeLauderProjectTests */,
				A82F0F752A4A560200F8F951 /* esteeLauderProjectUITests */,
				A82F0F592A4A560000F8F951 /* Products */,
			);
			sourceTree = "<group>";
		};
		A82F0F592A4A560000F8F951 /* Products */ = {
			isa = PBXGroup;
			children = (
				A82F0F582A4A560000F8F951 /* esteeLauderProject.app */,
				A82F0F682A4A560200F8F951 /* esteeLauderProjectTests.xctest */,
				A82F0F722A4A560200F8F951 /* esteeLauderProjectUITests.xctest */,
			);
			name = Products;
			sourceTree = "<group>";
		};
		A82F0F5A2A4A560000F8F951 /* esteeLauderProject */ = {
			isa = PBXGroup;
			children = (
				A82F0F5B2A4A560000F8F951 /* esteeLauderProjectApp.swift */,
				A82F0F5D2A4A560000F8F951 /* ContentView.swift */,
				A8B685A32A4D20F500410505 /* mainMenu.swift */,
				A8BDCF162A55D4A800AD610B /* creamsPage.swift */,
				A8BDCF142A55D48400AD610B /* cleansersPage.swift */,
				A8BDCF122A55D46700AD610B /* ourMissionPage.swift */,
				A8B685A52A4D31F100410505 /* lotions.swift */,
				A82F0F5F2A4A560100F8F951 /* Assets.xcassets */,
				A82F0F612A4A560100F8F951 /* Preview Content */,
			);
			path = esteeLauderProject;
			sourceTree = "<group>";
		};
		A82F0F612A4A560100F8F951 /* Preview Content */ = {
			isa = PBXGroup;
			children = (
				A82F0F622A4A560100F8F951 /* Preview Assets.xcassets */,
			);
			path = "Preview Content";
			sourceTree = "<group>";
		};
		A82F0F6B2A4A560200F8F951 /* esteeLauderProjectTests */ = {
			isa = PBXGroup;
			children = (
				A82F0F6C2A4A560200F8F951 /* esteeLauderProjectTests.swift */,
			);
			path = esteeLauderProjectTests;
			sourceTree = "<group>";
		};
		A82F0F752A4A560200F8F951 /* esteeLauderProjectUITests */ = {
			isa = PBXGroup;
			children = (
				A82F0F762A4A560200F8F951 /* esteeLauderProjectUITests.swift */,
				A82F0F782A4A560200F8F951 /* esteeLauderProjectUITestsLaunchTests.swift */,
			);
			path = esteeLauderProjectUITests;
			sourceTree = "<group>";
		};
/* End PBXGroup section */

/* Begin PBXNativeTarget section */
		A82F0F572A4A560000F8F951 /* esteeLauderProject */ = {
			isa = PBXNativeTarget;
			buildConfigurationList = A82F0F7C2A4A560200F8F951 /* Build configuration list for PBXNativeTarget "esteeLauderProject" */;
			buildPhases = (
				A82F0F542A4A560000F8F951 /* Sources */,
				A82F0F552A4A560000F8F951 /* Frameworks */,
				A82F0F562A4A560000F8F951 /* Resources */,
			);
			buildRules = (
			);
			dependencies = (
			);
			name = esteeLauderProject;
			productName = esteeLauderProject;
			productReference = A82F0F582A4A560000F8F951 /* esteeLauderProject.app */;
			productType = "com.apple.product-type.application";
		};
		A82F0F672A4A560200F8F951 /* esteeLauderProjectTests */ = {
			isa = PBXNativeTarget;
			buildConfigurationList = A82F0F7F2A4A560200F8F951 /* Build configuration list for PBXNativeTarget "esteeLauderProjectTests" */;
			buildPhases = (
				A82F0F642A4A560200F8F951 /* Sources */,
				A82F0F652A4A560200F8F951 /* Frameworks */,
				A82F0F662A4A560200F8F951 /* Resources */,
			);
			buildRules = (
			);
			dependencies = (
				A82F0F6A2A4A560200F8F951 /* PBXTargetDependency */,
			);
			name = esteeLauderProjectTests;
			productName = esteeLauderProjectTests;
			productReference = A82F0F682A4A560200F8F951 /* esteeLauderProjectTests.xctest */;
			productType = "com.apple.product-type.bundle.unit-test";
		};
		A82F0F712A4A560200F8F951 /* esteeLauderProjectUITests */ = {
			isa = PBXNativeTarget;
			buildConfigurationList = A82F0F822A4A560200F8F951 /* Build configuration list for PBXNativeTarget "esteeLauderProjectUITests" */;
			buildPhases = (
				A82F0F6E2A4A560200F8F951 /* Sources */,
				A82F0F6F2A4A560200F8F951 /* Frameworks */,
				A82F0F702A4A560200F8F951 /* Resources */,
			);
			buildRules = (
			);
			dependencies = (
				A82F0F742A4A560200F8F951 /* PBXTargetDependency */,
			);
			name = esteeLauderProjectUITests;
			productName = esteeLauderProjectUITests;
			productReference = A82F0F722A4A560200F8F951 /* esteeLauderProjectUITests.xctest */;
			productType = "com.apple.product-type.bundle.ui-testing";
		};
/* End PBXNativeTarget section */

/* Begin PBXProject section */
		A82F0F502A4A560000F8F951 /* Project object */ = {
			isa = PBXProject;
			attributes = {
				BuildIndependentTargetsInParallel = 1;
				LastSwiftUpdateCheck = 1430;
				LastUpgradeCheck = 1430;
				TargetAttributes = {
					A82F0F572A4A560000F8F951 = {
						CreatedOnToolsVersion = 14.3.1;
					};
					A82F0F672A4A560200F8F951 = {
						CreatedOnToolsVersion = 14.3.1;
						TestTargetID = A82F0F572A4A560000F8F951;
					};
					A82F0F712A4A560200F8F951 = {
						CreatedOnToolsVersion = 14.3.1;
						TestTargetID = A82F0F572A4A560000F8F951;
					};
				};
			};
			buildConfigurationList = A82F0F532A4A560000F8F951 /* Build configuration list for PBXProject "esteeLauderProject" */;
			compatibilityVersion = "Xcode 14.0";
			developmentRegion = en;
			hasScannedForEncodings = 0;
			knownRegions = (
				en,
				Base,
			);
			mainGroup = A82F0F4F2A4A560000F8F951;
			productRefGroup = A82F0F592A4A560000F8F951 /* Products */;
			projectDirPath = "";
			projectRoot = "";
			targets = (
				A82F0F572A4A560000F8F951 /* esteeLauderProject */,
				A82F0F672A4A560200F8F951 /* esteeLauderProjectTests */,
				A82F0F712A4A560200F8F951 /* esteeLauderProjectUITests */,
			);
		};
/* End PBXProject section */

/* Begin PBXResourcesBuildPhase section */
		A82F0F562A4A560000F8F951 /* Resources */ = {
			isa = PBXResourcesBuildPhase;
			buildActionMask = 2147483647;
			files = (
				A82F0F632A4A560100F8F951 /* Preview Assets.xcassets in Resources */,
				A82F0F602A4A560100F8F951 /* Assets.xcassets in Resources */,
			);
			runOnlyForDeploymentPostprocessing = 0;
		};
		A82F0F662A4A560200F8F951 /* Resources */ = {
			isa = PBXResourcesBuildPhase;
			buildActionMask = 2147483647;
			files = (
			);
			runOnlyForDeploymentPostprocessing = 0;
		};
		A82F0F702A4A560200F8F951 /* Resources */ = {
			isa = PBXResourcesBuildPhase;
			buildActionMask = 2147483647;
			files = (
			);
			runOnlyForDeploymentPostprocessing = 0;
		};
/* End PBXResourcesBuildPhase section */

/* Begin PBXSourcesBuildPhase section */
		A82F0F542A4A560000F8F951 /* Sources */ = {
			isa = PBXSourcesBuildPhase;
			buildActionMask = 2147483647;
			files = (
				A8BDCF132A55D46700AD610B /* ourMissionPage.swift in Sources */,
				A8BDCF172A55D4A800AD610B /* creamsPage.swift in Sources */,
				A8BDCF152A55D48400AD610B /* cleansersPage.swift in Sources */,
				A8B685A62A4D31F100410505 /* lotions.swift in Sources */,
				A8B685A42A4D20F500410505 /* mainMenu.swift in Sources */,
				A82F0F5E2A4A560000F8F951 /* ContentView.swift in Sources */,
				A82F0F5C2A4A560000F8F951 /* esteeLauderProjectApp.swift in Sources */,
			);
			runOnlyForDeploymentPostprocessing = 0;
		};
		A82F0F642A4A560200F8F951 /* Sources */ = {
			isa = PBXSourcesBuildPhase;
			buildActionMask = 2147483647;
			files = (
				A82F0F6D2A4A560200F8F951 /* esteeLauderProjectTests.swift in Sources */,
			);
			runOnlyForDeploymentPostprocessing = 0;
		};
		A82F0F6E2A4A560200F8F951 /* Sources */ = {
			isa = PBXSourcesBuildPhase;
			buildActionMask = 2147483647;
			files = (
				A82F0F792A4A560200F8F951 /* esteeLauderProjectUITestsLaunchTests.swift in Sources */,
				A82F0F772A4A560200F8F951 /* esteeLauderProjectUITests.swift in Sources */,
			);
			runOnlyForDeploymentPostprocessing = 0;
		};
/* End PBXSourcesBuildPhase section */

/* Begin PBXTargetDependency section */
		A82F0F6A2A4A560200F8F951 /* PBXTargetDependency */ = {
			isa = PBXTargetDependency;
			target = A82F0F572A4A560000F8F951 /* esteeLauderProject */;
			targetProxy = A82F0F692A4A560200F8F951 /* PBXContainerItemProxy */;
		};
		A82F0F742A4A560200F8F951 /* PBXTargetDependency */ = {
			isa = PBXTargetDependency;
			target = A82F0F572A4A560000F8F951 /* esteeLauderProject */;
			targetProxy = A82F0F732A4A560200F8F951 /* PBXContainerItemProxy */;
		};
/* End PBXTargetDependency section */

/* Begin XCBuildConfiguration section */
		A82F0F7A2A4A560200F8F951 /* Debug */ = {
			isa = XCBuildConfiguration;
			buildSettings = {
				ALWAYS_SEARCH_USER_PATHS = NO;
				CLANG_ANALYZER_NONNULL = YES;
				CLANG_ANALYZER_NUMBER_OBJECT_CONVERSION = YES_AGGRESSIVE;
				CLANG_CXX_LANGUAGE_STANDARD = "gnu++20";
				CLANG_ENABLE_MODULES = YES;
				CLANG_ENABLE_OBJC_ARC = YES;
				CLANG_ENABLE_OBJC_WEAK = YES;
				CLANG_WARN_BLOCK_CAPTURE_AUTORELEASING = YES;
				CLANG_WARN_BOOL_CONVERSION = YES;
				CLANG_WARN_COMMA = YES;
				CLANG_WARN_CONSTANT_CONVERSION = YES;
				CLANG_WARN_DEPRECATED_OBJC_IMPLEMENTATIONS = YES;
				CLANG_WARN_DIRECT_OBJC_ISA_USAGE = YES_ERROR;
				CLANG_WARN_DOCUMENTATION_COMMENTS = YES;
				CLANG_WARN_EMPTY_BODY = YES;
				CLANG_WARN_ENUM_CONVERSION = YES;
				CLANG_WARN_INFINITE_RECURSION = YES;
				CLANG_WARN_INT_CONVERSION = YES;
				CLANG_WARN_NON_LITERAL_NULL_CONVERSION = YES;
				CLANG_WARN_OBJC_IMPLICIT_RETAIN_SELF = YES;
				CLANG_WARN_OBJC_LITERAL_CONVERSION = YES;
				CLANG_WARN_OBJC_ROOT_CLASS = YES_ERROR;
				CLANG_WARN_QUOTED_INCLUDE_IN_FRAMEWORK_HEADER = YES;
				CLANG_WARN_RANGE_LOOP_ANALYSIS = YES;
				CLANG_WARN_STRICT_PROTOTYPES = YES;
				CLANG_WARN_SUSPICIOUS_MOVE = YES;
				CLANG_WARN_UNGUARDED_AVAILABILITY = YES_AGGRESSIVE;
				CLANG_WARN_UNREACHABLE_CODE = YES;
				CLANG_WARN__DUPLICATE_METHOD_MATCH = YES;
				COPY_PHASE_STRIP = NO;
				DEBUG_INFORMATION_FORMAT = dwarf;
				ENABLE_STRICT_OBJC_MSGSEND = YES;
				ENABLE_TESTABILITY = YES;
				GCC_C_LANGUAGE_STANDARD = gnu11;
				GCC_DYNAMIC_NO_PIC = NO;
				GCC_NO_COMMON_BLOCKS = YES;
				GCC_OPTIMIZATION_LEVEL = 0;
				GCC_PREPROCESSOR_DEFINITIONS = (
					"DEBUG=1",
					"$(inherited)",
				);
				GCC_WARN_64_TO_32_BIT_CONVERSION = YES;
				GCC_WARN_ABOUT_RETURN_TYPE = YES_ERROR;
				GCC_WARN_UNDECLARED_SELECTOR = YES;
				GCC_WARN_UNINITIALIZED_AUTOS = YES_AGGRESSIVE;
				GCC_WARN_UNUSED_FUNCTION = YES;
				GCC_WARN_UNUSED_VARIABLE = YES;
				IPHONEOS_DEPLOYMENT_TARGET = 16.4;
				MTL_ENABLE_DEBUG_INFO = INCLUDE_SOURCE;
				MTL_FAST_MATH = YES;
				ONLY_ACTIVE_ARCH = YES;
				SDKROOT = iphoneos;
				SWIFT_ACTIVE_COMPILATION_CONDITIONS = DEBUG;
				SWIFT_OPTIMIZATION_LEVEL = "-Onone";
			};
			name = Debug;
		};
		A82F0F7B2A4A560200F8F951 /* Release */ = {
			isa = XCBuildConfiguration;
			buildSettings = {
				ALWAYS_SEARCH_USER_PATHS = NO;
				CLANG_ANALYZER_NONNULL = YES;
				CLANG_ANALYZER_NUMBER_OBJECT_CONVERSION = YES_AGGRESSIVE;
				CLANG_CXX_LANGUAGE_STANDARD = "gnu++20";
				CLANG_ENABLE_MODULES = YES;
				CLANG_ENABLE_OBJC_ARC = YES;
				CLANG_ENABLE_OBJC_WEAK = YES;
				CLANG_WARN_BLOCK_CAPTURE_AUTORELEASING = YES;
				CLANG_WARN_BOOL_CONVERSION = YES;
				CLANG_WARN_COMMA = YES;
				CLANG_WARN_CONSTANT_CONVERSION = YES;
				CLANG_WARN_DEPRECATED_OBJC_IMPLEMENTATIONS = YES;
				CLANG_WARN_DIRECT_OBJC_ISA_USAGE = YES_ERROR;
				CLANG_WARN_DOCUMENTATION_COMMENTS = YES;
				CLANG_WARN_EMPTY_BODY = YES;
				CLANG_WARN_ENUM_CONVERSION = YES;
				CLANG_WARN_INFINITE_RECURSION = YES;
				CLANG_WARN_INT_CONVERSION = YES;
				CLANG_WARN_NON_LITERAL_NULL_CONVERSION = YES;
				CLANG_WARN_OBJC_IMPLICIT_RETAIN_SELF = YES;
				CLANG_WARN_OBJC_LITERAL_CONVERSION = YES;
				CLANG_WARN_OBJC_ROOT_CLASS = YES_ERROR;
				CLANG_WARN_QUOTED_INCLUDE_IN_FRAMEWORK_HEADER = YES;
				CLANG_WARN_RANGE_LOOP_ANALYSIS = YES;
				CLANG_WARN_STRICT_PROTOTYPES = YES;
				CLANG_WARN_SUSPICIOUS_MOVE = YES;
				CLANG_WARN_UNGUARDED_AVAILABILITY = YES_AGGRESSIVE;
				CLANG_WARN_UNREACHABLE_CODE = YES;
				CLANG_WARN__DUPLICATE_METHOD_MATCH = YES;
				COPY_PHASE_STRIP = NO;
				DEBUG_INFORMATION_FORMAT = "dwarf-with-dsym";
				ENABLE_NS_ASSERTIONS = NO;
				ENABLE_STRICT_OBJC_MSGSEND = YES;
				GCC_C_LANGUAGE_STANDARD = gnu11;
				GCC_NO_COMMON_BLOCKS = YES;
				GCC_WARN_64_TO_32_BIT_CONVERSION = YES;
				GCC_WARN_ABOUT_RETURN_TYPE = YES_ERROR;
				GCC_WARN_UNDECLARED_SELECTOR = YES;
				GCC_WARN_UNINITIALIZED_AUTOS = YES_AGGRESSIVE;
				GCC_WARN_UNUSED_FUNCTION = YES;
				GCC_WARN_UNUSED_VARIABLE = YES;
				IPHONEOS_DEPLOYMENT_TARGET = 16.4;
				MTL_ENABLE_DEBUG_INFO = NO;
				MTL_FAST_MATH = YES;
				SDKROOT = iphoneos;
				SWIFT_COMPILATION_MODE = wholemodule;
				SWIFT_OPTIMIZATION_LEVEL = "-O";
				VALIDATE_PRODUCT = YES;
			};
			name = Release;
		};
		A82F0F7D2A4A560200F8F951 /* Debug */ = {
			isa = XCBuildConfiguration;
			buildSettings = {
				ASSETCATALOG_COMPILER_APPICON_NAME = AppIcon;
				ASSETCATALOG_COMPILER_GLOBAL_ACCENT_COLOR_NAME = AccentColor;
				CODE_SIGN_STYLE = Automatic;
				CURRENT_PROJECT_VERSION = 1;
				DEVELOPMENT_ASSET_PATHS = "\"esteeLauderProject/Preview Content\"";
				ENABLE_PREVIEWS = YES;
				GENERATE_INFOPLIST_FILE = YES;
				INFOPLIST_KEY_UIApplicationSceneManifest_Generation = YES;
				INFOPLIST_KEY_UIApplicationSupportsIndirectInputEvents = YES;
				INFOPLIST_KEY_UILaunchScreen_Generation = YES;
				INFOPLIST_KEY_UISupportedInterfaceOrientations_iPad = "UIInterfaceOrientationPortrait UIInterfaceOrientationPortraitUpsideDown UIInterfaceOrientationLandscapeLeft UIInterfaceOrientationLandscapeRight";
				INFOPLIST_KEY_UISupportedInterfaceOrientations_iPhone = "UIInterfaceOrientationPortrait UIInterfaceOrientationLandscapeLeft UIInterfaceOrientationLandscapeRight";
				LD_RUNPATH_SEARCH_PATHS = (
					"$(inherited)",
					"@executable_path/Frameworks",
				);
				MARKETING_VERSION = 1.0;
				PRODUCT_BUNDLE_IDENTIFIER = KWK.esteeLauderProject;
				PRODUCT_NAME = "$(TARGET_NAME)";
				SWIFT_EMIT_LOC_STRINGS = YES;
				SWIFT_VERSION = 5.0;
				TARGETED_DEVICE_FAMILY = "1,2";
			};
			name = Debug;
		};
		A82F0F7E2A4A560200F8F951 /* Release */ = {
			isa = XCBuildConfiguration;
			buildSettings = {
				ASSETCATALOG_COMPILER_APPICON_NAME = AppIcon;
				ASSETCATALOG_COMPILER_GLOBAL_ACCENT_COLOR_NAME = AccentColor;
				CODE_SIGN_STYLE = Automatic;
				CURRENT_PROJECT_VERSION = 1;
				DEVELOPMENT_ASSET_PATHS = "\"esteeLauderProject/Preview Content\"";
				ENABLE_PREVIEWS = YES;
				GENERATE_INFOPLIST_FILE = YES;
				INFOPLIST_KEY_UIApplicationSceneManifest_Generation = YES;
				INFOPLIST_KEY_UIApplicationSupportsIndirectInputEvents = YES;
				INFOPLIST_KEY_UILaunchScreen_Generation = YES;
				INFOPLIST_KEY_UISupportedInterfaceOrientations_iPad = "UIInterfaceOrientationPortrait UIInterfaceOrientationPortraitUpsideDown UIInterfaceOrientationLandscapeLeft UIInterfaceOrientationLandscapeRight";
				INFOPLIST_KEY_UISupportedInterfaceOrientations_iPhone = "UIInterfaceOrientationPortrait UIInterfaceOrientationLandscapeLeft UIInterfaceOrientationLandscapeRight";
				LD_RUNPATH_SEARCH_PATHS = (
					"$(inherited)",
					"@executable_path/Frameworks",
				);
				MARKETING_VERSION = 1.0;
				PRODUCT_BUNDLE_IDENTIFIER = KWK.esteeLauderProject;
				PRODUCT_NAME = "$(TARGET_NAME)";
				SWIFT_EMIT_LOC_STRINGS = YES;
				SWIFT_VERSION = 5.0;
				TARGETED_DEVICE_FAMILY = "1,2";
			};
			name = Release;
		};
		A82F0F802A4A560200F8F951 /* Debug */ = {
			isa = XCBuildConfiguration;
			buildSettings = {
				ALWAYS_EMBED_SWIFT_STANDARD_LIBRARIES = YES;
				BUNDLE_LOADER = "$(TEST_HOST)";
				CODE_SIGN_STYLE = Automatic;
				CURRENT_PROJECT_VERSION = 1;
				GENERATE_INFOPLIST_FILE = YES;
				IPHONEOS_DEPLOYMENT_TARGET = 16.4;
				MARKETING_VERSION = 1.0;
				PRODUCT_BUNDLE_IDENTIFIER = KWK.esteeLauderProjectTests;
				PRODUCT_NAME = "$(TARGET_NAME)";
				SWIFT_EMIT_LOC_STRINGS = NO;
				SWIFT_VERSION = 5.0;
				TARGETED_DEVICE_FAMILY = "1,2";
				TEST_HOST = "$(BUILT_PRODUCTS_DIR)/esteeLauderProject.app/$(BUNDLE_EXECUTABLE_FOLDER_PATH)/esteeLauderProject";
			};
			name = Debug;
		};
		A82F0F812A4A560200F8F951 /* Release */ = {
			isa = XCBuildConfiguration;
			buildSettings = {
				ALWAYS_EMBED_SWIFT_STANDARD_LIBRARIES = YES;
				BUNDLE_LOADER = "$(TEST_HOST)";
				CODE_SIGN_STYLE = Automatic;
				CURRENT_PROJECT_VERSION = 1;
				GENERATE_INFOPLIST_FILE = YES;
				IPHONEOS_DEPLOYMENT_TARGET = 16.4;
				MARKETING_VERSION = 1.0;
				PRODUCT_BUNDLE_IDENTIFIER = KWK.esteeLauderProjectTests;
				PRODUCT_NAME = "$(TARGET_NAME)";
				SWIFT_EMIT_LOC_STRINGS = NO;
				SWIFT_VERSION = 5.0;
				TARGETED_DEVICE_FAMILY = "1,2";
				TEST_HOST = "$(BUILT_PRODUCTS_DIR)/esteeLauderProject.app/$(BUNDLE_EXECUTABLE_FOLDER_PATH)/esteeLauderProject";
			};
			name = Release;
		};
		A82F0F832A4A560200F8F951 /* Debug */ = {
			isa = XCBuildConfiguration;
			buildSettings = {
				ALWAYS_EMBED_SWIFT_STANDARD_LIBRARIES = YES;
				CODE_SIGN_STYLE = Automatic;
				CURRENT_PROJECT_VERSION = 1;
				GENERATE_INFOPLIST_FILE = YES;
				MARKETING_VERSION = 1.0;
				PRODUCT_BUNDLE_IDENTIFIER = KWK.esteeLauderProjectUITests;
				PRODUCT_NAME = "$(TARGET_NAME)";
				SWIFT_EMIT_LOC_STRINGS = NO;
				SWIFT_VERSION = 5.0;
				TARGETED_DEVICE_FAMILY = "1,2";
				TEST_TARGET_NAME = esteeLauderProject;
			};
			name = Debug;
		};
		A82F0F842A4A560200F8F951 /* Release */ = {
			isa = XCBuildConfiguration;
			buildSettings = {
				ALWAYS_EMBED_SWIFT_STANDARD_LIBRARIES = YES;
				CODE_SIGN_STYLE = Automatic;
				CURRENT_PROJECT_VERSION = 1;
				GENERATE_INFOPLIST_FILE = YES;
				MARKETING_VERSION = 1.0;
				PRODUCT_BUNDLE_IDENTIFIER = KWK.esteeLauderProjectUITests;
				PRODUCT_NAME = "$(TARGET_NAME)";
				SWIFT_EMIT_LOC_STRINGS = NO;
				SWIFT_VERSION = 5.0;
				TARGETED_DEVICE_FAMILY = "1,2";
				TEST_TARGET_NAME = esteeLauderProject;
			};
			name = Release;
		};
/* End XCBuildConfiguration section */

/* Begin XCConfigurationList section */
		A82F0F532A4A560000F8F951 /* Build configuration list for PBXProject "esteeLauderProject" */ = {
			isa = XCConfigurationList;
			buildConfigurations = (
				A82F0F7A2A4A560200F8F951 /* Debug */,
				A82F0F7B2A4A560200F8F951 /* Release */,
			);
			defaultConfigurationIsVisible = 0;
			defaultConfigurationName = Release;
		};
		A82F0F7C2A4A560200F8F951 /* Build configuration list for PBXNativeTarget "esteeLauderProject" */ = {
			isa = XCConfigurationList;
			buildConfigurations = (
				A82F0F7D2A4A560200F8F951 /* Debug */,
				A82F0F7E2A4A560200F8F951 /* Release */,
			);
			defaultConfigurationIsVisible = 0;
			defaultConfigurationName = Release;
		};
		A82F0F7F2A4A560200F8F951 /* Build configuration list for PBXNativeTarget "esteeLauderProjectTests" */ = {
			isa = XCConfigurationList;
			buildConfigurations = (
				A82F0F802A4A560200F8F951 /* Debug */,
				A82F0F812A4A560200F8F951 /* Release */,
			);
			defaultConfigurationIsVisible = 0;
			defaultConfigurationName = Release;
		};
		A82F0F822A4A560200F8F951 /* Build configuration list for PBXNativeTarget "esteeLauderProjectUITests" */ = {
			isa = XCConfigurationList;
			buildConfigurations = (
				A82F0F832A4A560200F8F951 /* Debug */,
				A82F0F842A4A560200F8F951 /* Release */,
			);
			defaultConfigurationIsVisible = 0;
			defaultConfigurationName = Release;
		};
/* End XCConfigurationList section */
	};
	rootObject = A82F0F502A4A560000F8F951 /* Project object */;
}
